
Microsoft Visual Studio Solution File, Format Version 12.00
# Visual Studio Version 17
VisualStudioVersion = 17.7.34031.279
MinimumVisualStudioVersion = 10.0.40219.1
Project("{9A19103F-16F7-4668-BE54-9A1E7A4F7556}") = "HackTonTemplate", "HackTonTemplate.csproj", "{B622DED9-17F5-47DB-99C7-EA50B7953733}"
EndProject
Global
	GlobalSection(SolutionConfigurationPlatforms) = preSolution
		Debug|Any CPU = Debug|Any CPU
		Release|Any CPU = Release|Any CPU
	EndGlobalSection
	GlobalSection(ProjectConfigurationPlatforms) = postSolution
		{B622DED9-17F5-47DB-99C7-EA50B7953733}.Debug|Any CPU.ActiveCfg = Debug|Any CPU
		{B622DED9-17F5-47DB-99C7-EA50B7953733}.Debug|Any CPU.Build.0 = Debug|Any CPU
		{B622DED9-17F5-47DB-99C7-EA50B7953733}.Release|Any CPU.ActiveCfg = Release|Any CPU
		{B622DED9-17F5-47DB-99C7-EA50B7953733}.Release|Any CPU.Build.0 = Release|Any CPU
	EndGlobalSection
	GlobalSection(SolutionProperties) = preSolution
		HideSolutionNode = FALSE
	EndGlobalSection
	GlobalSection(ExtensibilityGlobals) = postSolution
		SolutionGuid = {A9B17083-1475-41B7-8FEC-5C185C5EB30E}
	EndGlobalSection
EndGlobal
